{
  "requires": true,
  "lockfileVersion": 1,
  "dependencies": {
    "@angular/platform-server": {
      "version": "6.1.9",
      "resolved": "https://registry.npmjs.org/@angular/platform-server/-/platform-server-6.1.9.tgz",
      "integrity": "sha512-tvZGptzn4hFgemjRfl1rRiB/YXivWX7WLG8dfXOYRYORW+2N4grxHz7ql7GRa7DPyuknQYUPk27eYuBO47ruSg==",
      "requires": {
        "domino": "^2.0.1",
        "tslib": "^1.9.0",
        "xhr2": "^0.1.4"
      }
    },
    "@nguniversal/express-engine": {
      "version": "6.1.0",
      "resolved": "https://registry.npmjs.org/@nguniversal/express-engine/-/express-engine-6.1.0.tgz",
      "integrity": "sha512-A5v1IF+8S20PBVDwzwOspDZbkb40cWuzZvxPJcqiSSe+B8wCe620AQX+BCJsKsGh0k6z4VEDqEqJLX9SX21Lig=="
    },
    "@nguniversal/module-map-ngfactory-loader": {
      "version": "6.1.0",
      "resolved": "https://registry.npmjs.org/@nguniversal/module-map-ngfactory-loader/-/module-map-ngfactory-loader-6.1.0.tgz",
      "integrity": "sha512-frEJmD1sUje8zKiY3ClioWGMnp9qK/SSLITTQHpKjhqatBsOPxOrJ60vu4Dv0G0zcqc+SesxuOjQ9svCYa5FVA=="
    },
    "domino": {
      "version": "2.1.0",
      "resolved": "https://registry.npmjs.org/domino/-/domino-2.1.0.tgz",
      "integrity": "sha512-xINSODvrnuQcm3eXJN4IkBR+JxqLrJN8Ge4fd00y1b7HsY0A4huKN5BflSS/oo8quBWmocTfWdFvrw2H8TjGqQ=="
    },
    "tslib": {
      "version": "1.9.3",
      "resolved": "https://registry.npmjs.org/tslib/-/tslib-1.9.3.tgz",
      "integrity": "sha512-4krF8scpejhaOgqzBEcGM7yDIEfi0/8+8zDRZhNZZ2kjmHJ4hv3zCbQWxoJGz1iw5U0Jl0nma13xzHXcncMavQ=="
    },
    "xhr2": {
      "version": "0.1.4",
      "resolved": "https://registry.npmjs.org/xhr2/-/xhr2-0.1.4.tgz",
      "integrity": "sha1-f4dliEdxbbUCYyOBL4GMras4el8="
    }
  }
}
